
Microsoft Visual Studio Solution File, Format Version 12.00
# Visual Studio Version 17
VisualStudioVersion = 17.7.34202.233
MinimumVisualStudioVersion = 10.0.40219.1
Project("{9A19103F-16F7-4668-BE54-9A1E7A4F7556}") = "MetronicsAdminPanel", "MetronicsAdminPanel.csproj", "{D8302E5C-2C27-413F-BADD-688EE8B6FE83}"
EndProject
Project("{FAE04EC0-301F-11D3-BF4B-00C04F79EFBC}") = "VenueBookingFrontEnd", "..\VenueBookingFrontEnd\VenueBookingFrontEnd.csproj", "{47AC8887-8C34-4911-8AD9-F6CC050CD03C}"
EndProject
Global
	GlobalSection(SolutionConfigurationPlatforms) = preSolution
		Debug|Any CPU = Debug|Any CPU
		Release|Any CPU = Release|Any CPU
	EndGlobalSection
	GlobalSection(ProjectConfigurationPlatforms) = postSolution
		{D8302E5C-2C27-413F-BADD-688EE8B6FE83}.Debug|Any CPU.ActiveCfg = Debug|Any CPU
		{D8302E5C-2C27-413F-BADD-688EE8B6FE83}.Debug|Any CPU.Build.0 = Debug|Any CPU
		{D8302E5C-2C27-413F-BADD-688EE8B6FE83}.Release|Any CPU.ActiveCfg = Release|Any CPU
		{D8302E5C-2C27-413F-BADD-688EE8B6FE83}.Release|Any CPU.Build.0 = Release|Any CPU
		{47AC8887-8C34-4911-8AD9-F6CC050CD03C}.Debug|Any CPU.ActiveCfg = Debug|Any CPU
		{47AC8887-8C34-4911-8AD9-F6CC050CD03C}.Debug|Any CPU.Build.0 = Debug|Any CPU
		{47AC8887-8C34-4911-8AD9-F6CC050CD03C}.Release|Any CPU.ActiveCfg = Release|Any CPU
		{47AC8887-8C34-4911-8AD9-F6CC050CD03C}.Release|Any CPU.Build.0 = Release|Any CPU
	EndGlobalSection
	GlobalSection(SolutionProperties) = preSolution
		HideSolutionNode = FALSE
	EndGlobalSection
	GlobalSection(ExtensibilityGlobals) = postSolution
		SolutionGuid = {13ED9DF9-017B-4B40-9892-F14B4D280B7F}
	EndGlobalSection
EndGlobal
